
Microsoft Visual Studio Solution File, Format Version 12.00
# Visual Studio 15
VisualStudioVersion = 15.0.26730.16
MinimumVisualStudioVersion = 10.0.40219.1
Project("{FAE04EC0-301F-11D3-BF4B-00C04F79EFBC}") = "MyAPI", "MyAPI\MyAPI.csproj", "{DCE80A37-E3E4-4632-BE86-0A8E5C8066E0}"
EndProject
Global
	GlobalSection(SolutionConfigurationPlatforms) = preSolution
		Debug|Any CPU = Debug|Any CPU
		Release|Any CPU = Release|Any CPU
	EndGlobalSection
	GlobalSection(ProjectConfigurationPlatforms) = postSolution
		{DCE80A37-E3E4-4632-BE86-0A8E5C8066E0}.Debug|Any CPU.ActiveCfg = Debug|Any CPU
		{DCE80A37-E3E4-4632-BE86-0A8E5C8066E0}.Debug|Any CPU.Build.0 = Debug|Any CPU
		{DCE80A37-E3E4-4632-BE86-0A8E5C8066E0}.Release|Any CPU.ActiveCfg = Release|Any CPU
		{DCE80A37-E3E4-4632-BE86-0A8E5C8066E0}.Release|Any CPU.Build.0 = Release|Any CPU
	EndGlobalSection
	GlobalSection(SolutionProperties) = preSolution
		HideSolutionNode = FALSE
	EndGlobalSection
	GlobalSection(ExtensibilityGlobals) = postSolution
		SolutionGuid = {11BE12C3-60E2-4074-B26C-44BD9B29AC14}
	EndGlobalSection
EndGlobal
